
Microsoft Visual Studio Solution File, Format Version 12.00
# Visual Studio Version 17
VisualStudioVersion = 17.13.35931.197 d17.13
MinimumVisualStudioVersion = 10.0.40219.1
Project("{FAE04EC0-301F-11D3-BF4B-00C04F79EFBC}") = "01-MatchFullName", "01-MatchFullName\01-MatchFullName.csproj", "{752C106F-2F0B-41AD-A435-48ED26218E89}"
EndProject
Global
	GlobalSection(SolutionConfigurationPlatforms) = preSolution
		Debug|Any CPU = Debug|Any CPU
		Release|Any CPU = Release|Any CPU
	EndGlobalSection
	GlobalSection(ProjectConfigurationPlatforms) = postSolution
		{752C106F-2F0B-41AD-A435-48ED26218E89}.Debug|Any CPU.ActiveCfg = Debug|Any CPU
		{752C106F-2F0B-41AD-A435-48ED26218E89}.Debug|Any CPU.Build.0 = Debug|Any CPU
		{752C106F-2F0B-41AD-A435-48ED26218E89}.Release|Any CPU.ActiveCfg = Release|Any CPU
		{752C106F-2F0B-41AD-A435-48ED26218E89}.Release|Any CPU.Build.0 = Release|Any CPU
	EndGlobalSection
	GlobalSection(SolutionProperties) = preSolution
		HideSolutionNode = FALSE
	EndGlobalSection
	GlobalSection(ExtensibilityGlobals) = postSolution
		SolutionGuid = {3F3C9D25-6C78-4706-8162-BB022F12E5D1}
	EndGlobalSection
EndGlobal
